{
  "requires": true,
  "lockfileVersion": 1,
  "dependencies": {
    "assertion-error": {
      "version": "1.0.0",
      "resolved": "https://registry.npmjs.org/assertion-error/-/assertion-error-1.0.0.tgz",
      "integrity": "sha1-x/hUOP3UZrx8oWq5DIFRN5el0js="
    },
    "expires": {
      "version": "0.0.0",
      "resolved": "https://registry.npmjs.org/expires/-/expires-0.0.0.tgz",
      "integrity": "sha1-UxjIsvtSVgbIu3O0uEsx7FKzVYY="
    },
    "json-output": {
      "version": "0.0.1",
      "resolved": "https://registry.npmjs.org/json-output/-/json-output-0.0.1.tgz",
      "integrity": "sha1-vPY84Lq4MAQABQEfqXx57Zd1ukg="
    },
    "merge-recursive": {
      "version": "0.0.0",
      "resolved": "https://registry.npmjs.org/merge-recursive/-/merge-recursive-0.0.0.tgz",
      "integrity": "sha1-852TBgMEMuGv/rpzwDjrimpcxq4="
    },
    "oath": {
      "version": "1.0.0",
      "resolved": "https://registry.npmjs.org/oath/-/oath-1.0.0.tgz",
      "integrity": "sha1-L04fd5e5A6eLJDUn3GgkWwrrDVg=",
      "requires": {
        "simple-assert": "1.0.0"
      }
    },
    "rest-auth": {
      "version": "0.0.0",
      "resolved": "https://registry.npmjs.org/rest-auth/-/rest-auth-0.0.0.tgz",
      "integrity": "sha1-AJFI+W58IBfKG7CeyFIBhsqXru4=",
      "requires": {
        "expires": "0.0.0",
        "json-output": "0.0.1",
        "merge-recursive": "0.0.0",
        "sechash": "0.2.1"
      }
    },
    "sechash": {
      "version": "0.2.1",
      "resolved": "https://registry.npmjs.org/sechash/-/sechash-0.2.1.tgz",
      "integrity": "sha1-i3H+R9aCcvR6NfFkDkzJITJbEzs=",
      "requires": {
        "oath": "1.0.0"
      }
    },
    "simple-assert": {
      "version": "1.0.0",
      "resolved": "https://registry.npmjs.org/simple-assert/-/simple-assert-1.0.0.tgz",
      "integrity": "sha1-U/F5AADXFEJBJCkHgLwqPlEc8O8=",
      "requires": {
        "assertion-error": "1.0.0"
      }
    }
  }
}
